
Microsoft Visual Studio Solution File, Format Version 12.00
# Visual Studio Version 16
VisualStudioVersion = 16.0.30204.135
MinimumVisualStudioVersion = 10.0.40219.1
Project("{FAE04EC0-301F-11D3-BF4B-00C04F79EFBC}") = "HandyHost", "HandyHost.csproj", "{EAED247C-9292-4F5C-9124-485F3074A730}"
EndProject
Global
	GlobalSection(SolutionConfigurationPlatforms) = preSolution
		Debug|Any CPU = Debug|Any CPU
		Release|Any CPU = Release|Any CPU
	EndGlobalSection
	GlobalSection(ProjectConfigurationPlatforms) = postSolution
		{EAED247C-9292-4F5C-9124-485F3074A730}.Debug|Any CPU.ActiveCfg = Debug|Any CPU
		{EAED247C-9292-4F5C-9124-485F3074A730}.Debug|Any CPU.Build.0 = Debug|Any CPU
		{EAED247C-9292-4F5C-9124-485F3074A730}.Release|Any CPU.ActiveCfg = Release|Any CPU
		{EAED247C-9292-4F5C-9124-485F3074A730}.Release|Any CPU.Build.0 = Release|Any CPU
	EndGlobalSection
	GlobalSection(SolutionProperties) = preSolution
		HideSolutionNode = FALSE
	EndGlobalSection
	GlobalSection(ExtensibilityGlobals) = postSolution
		SolutionGuid = {2297A9FA-8073-4FCE-9FDE-56646D787FC9}
	EndGlobalSection
EndGlobal
